
Microsoft Visual Studio Solution File, Format Version 12.00
# Visual Studio Version 16
VisualStudioVersion = 16.0.30503.244
MinimumVisualStudioVersion = 10.0.40219.1
Project("{FAE04EC0-301F-11D3-BF4B-00C04F79EFBC}") = "WebScraper", "WebScraper\WebScraper.csproj", "{37DA45CD-0FD4-4284-9B49-4023BFB7E33B}"
EndProject
Project("{FAE04EC0-301F-11D3-BF4B-00C04F79EFBC}") = "WindowsForms_UI", "WindowsForms_UI\WindowsForms_UI.csproj", "{B1231A4C-BC45-444D-A6F6-09ECD4552A9F}"
EndProject
Project("{2150E333-8FDC-42A3-9474-1A3956D46DE8}") = "Solution Items", "Solution Items", "{C95DE6FC-9BE7-4BC2-8A9F-F3543BE26577}"
	ProjectSection(SolutionItems) = preProject
		.editorconfig = .editorconfig
	EndProjectSection
EndProject
Project("{9A19103F-16F7-4668-BE54-9A1E7A4F7556}") = "MERG_BackEnd", "MERG_BackEnd\MERG_BackEnd.csproj", "{C5A0B218-2D94-49C9-978F-1D874749B3A1}"
EndProject
Project("{9A19103F-16F7-4668-BE54-9A1E7A4F7556}") = "Common", "Common\Common.csproj", "{DAC05E00-E2FA-4A2D-B728-631D1CCB958F}"
EndProject
Project("{FAE04EC0-301F-11D3-BF4B-00C04F79EFBC}") = "Xamarin_UI.Android", "Xamarin_UI\Xamarin_UI.Android\Xamarin_UI.Android.csproj", "{116BD6E9-2017-47F5-996C-DA6242081249}"
EndProject
Project("{FAE04EC0-301F-11D3-BF4B-00C04F79EFBC}") = "Xamarin_UI.iOS", "Xamarin_UI\Xamarin_UI.iOS\Xamarin_UI.iOS.csproj", "{229BD6B2-7240-4241-B78F-C62586070E15}"
EndProject
Project("{FAE04EC0-301F-11D3-BF4B-00C04F79EFBC}") = "Xamarin_UI", "Xamarin_UI\Xamarin_UI\Xamarin_UI.csproj", "{393DD123-91FF-4589-ADE9-F00A1A694D6D}"
EndProject
Global
	GlobalSection(SolutionConfigurationPlatforms) = preSolution
		Debug|Any CPU = Debug|Any CPU
		Debug|iPhone = Debug|iPhone
		Debug|iPhoneSimulator = Debug|iPhoneSimulator
		Release|Any CPU = Release|Any CPU
		Release|iPhone = Release|iPhone
		Release|iPhoneSimulator = Release|iPhoneSimulator
	EndGlobalSection
	GlobalSection(ProjectConfigurationPlatforms) = postSolution
		{37DA45CD-0FD4-4284-9B49-4023BFB7E33B}.Debug|Any CPU.ActiveCfg = Debug|Any CPU
		{37DA45CD-0FD4-4284-9B49-4023BFB7E33B}.Debug|Any CPU.Build.0 = Debug|Any CPU
		{37DA45CD-0FD4-4284-9B49-4023BFB7E33B}.Debug|iPhone.ActiveCfg = Debug|Any CPU
		{37DA45CD-0FD4-4284-9B49-4023BFB7E33B}.Debug|iPhone.Build.0 = Debug|Any CPU
		{37DA45CD-0FD4-4284-9B49-4023BFB7E33B}.Debug|iPhoneSimulator.ActiveCfg = Debug|Any CPU
		{37DA45CD-0FD4-4284-9B49-4023BFB7E33B}.Debug|iPhoneSimulator.Build.0 = Debug|Any CPU
		{37DA45CD-0FD4-4284-9B49-4023BFB7E33B}.Release|Any CPU.ActiveCfg = Release|Any CPU
		{37DA45CD-0FD4-4284-9B49-4023BFB7E33B}.Release|Any CPU.Build.0 = Release|Any CPU
		{37DA45CD-0FD4-4284-9B49-4023BFB7E33B}.Release|iPhone.ActiveCfg = Release|Any CPU
		{37DA45CD-0FD4-4284-9B49-4023BFB7E33B}.Release|iPhone.Build.0 = Release|Any CPU
		{37DA45CD-0FD4-4284-9B49-4023BFB7E33B}.Release|iPhoneSimulator.ActiveCfg = Release|Any CPU
		{37DA45CD-0FD4-4284-9B49-4023BFB7E33B}.Release|iPhoneSimulator.Build.0 = Release|Any CPU
		{B1231A4C-BC45-444D-A6F6-09ECD4552A9F}.Debug|Any CPU.ActiveCfg = Debug|Any CPU
		{B1231A4C-BC45-444D-A6F6-09ECD4552A9F}.Debug|Any CPU.Build.0 = Debug|Any CPU
		{B1231A4C-BC45-444D-A6F6-09ECD4552A9F}.Debug|iPhone.ActiveCfg = Debug|Any CPU
		{B1231A4C-BC45-444D-A6F6-09ECD4552A9F}.Debug|iPhone.Build.0 = Debug|Any CPU
		{B1231A4C-BC45-444D-A6F6-09ECD4552A9F}.Debug|iPhoneSimulator.ActiveCfg = Debug|Any CPU
		{B1231A4C-BC45-444D-A6F6-09ECD4552A9F}.Debug|iPhoneSimulator.Build.0 = Debug|Any CPU
		{B1231A4C-BC45-444D-A6F6-09ECD4552A9F}.Release|Any CPU.ActiveCfg = Release|Any CPU
		{B1231A4C-BC45-444D-A6F6-09ECD4552A9F}.Release|Any CPU.Build.0 = Release|Any CPU
		{B1231A4C-BC45-444D-A6F6-09ECD4552A9F}.Release|iPhone.ActiveCfg = Release|Any CPU
		{B1231A4C-BC45-444D-A6F6-09ECD4552A9F}.Release|iPhone.Build.0 = Release|Any CPU
		{B1231A4C-BC45-444D-A6F6-09ECD4552A9F}.Release|iPhoneSimulator.ActiveCfg = Release|Any CPU
		{B1231A4C-BC45-444D-A6F6-09ECD4552A9F}.Release|iPhoneSimulator.Build.0 = Release|Any CPU
		{C5A0B218-2D94-49C9-978F-1D874749B3A1}.Debug|Any CPU.ActiveCfg = Debug|Any CPU
		{C5A0B218-2D94-49C9-978F-1D874749B3A1}.Debug|Any CPU.Build.0 = Debug|Any CPU
		{C5A0B218-2D94-49C9-978F-1D874749B3A1}.Debug|iPhone.ActiveCfg = Debug|Any CPU
		{C5A0B218-2D94-49C9-978F-1D874749B3A1}.Debug|iPhone.Build.0 = Debug|Any CPU
		{C5A0B218-2D94-49C9-978F-1D874749B3A1}.Debug|iPhoneSimulator.ActiveCfg = Debug|Any CPU
		{C5A0B218-2D94-49C9-978F-1D874749B3A1}.Debug|iPhoneSimulator.Build.0 = Debug|Any CPU
		{C5A0B218-2D94-49C9-978F-1D874749B3A1}.Release|Any CPU.ActiveCfg = Release|Any CPU
		{C5A0B218-2D94-49C9-978F-1D874749B3A1}.Release|Any CPU.Build.0 = Release|Any CPU
		{C5A0B218-2D94-49C9-978F-1D874749B3A1}.Release|iPhone.ActiveCfg = Release|Any CPU
		{C5A0B218-2D94-49C9-978F-1D874749B3A1}.Release|iPhone.Build.0 = Release|Any CPU
		{C5A0B218-2D94-49C9-978F-1D874749B3A1}.Release|iPhoneSimulator.ActiveCfg = Release|Any CPU
		{C5A0B218-2D94-49C9-978F-1D874749B3A1}.Release|iPhoneSimulator.Build.0 = Release|Any CPU
		{DAC05E00-E2FA-4A2D-B728-631D1CCB958F}.Debug|Any CPU.ActiveCfg = Debug|Any CPU
		{DAC05E00-E2FA-4A2D-B728-631D1CCB958F}.Debug|Any CPU.Build.0 = Debug|Any CPU
		{DAC05E00-E2FA-4A2D-B728-631D1CCB958F}.Debug|iPhone.ActiveCfg = Debug|Any CPU
		{DAC05E00-E2FA-4A2D-B728-631D1CCB958F}.Debug|iPhone.Build.0 = Debug|Any CPU
		{DAC05E00-E2FA-4A2D-B728-631D1CCB958F}.Debug|iPhoneSimulator.ActiveCfg = Debug|Any CPU
		{DAC05E00-E2FA-4A2D-B728-631D1CCB958F}.Debug|iPhoneSimulator.Build.0 = Debug|Any CPU
		{DAC05E00-E2FA-4A2D-B728-631D1CCB958F}.Release|Any CPU.ActiveCfg = Release|Any CPU
		{DAC05E00-E2FA-4A2D-B728-631D1CCB958F}.Release|Any CPU.Build.0 = Release|Any CPU
		{DAC05E00-E2FA-4A2D-B728-631D1CCB958F}.Release|iPhone.ActiveCfg = Release|Any CPU
		{DAC05E00-E2FA-4A2D-B728-631D1CCB958F}.Release|iPhone.Build.0 = Release|Any CPU
		{DAC05E00-E2FA-4A2D-B728-631D1CCB958F}.Release|iPhoneSimulator.ActiveCfg = Release|Any CPU
		{DAC05E00-E2FA-4A2D-B728-631D1CCB958F}.Release|iPhoneSimulator.Build.0 = Release|Any CPU
		{116BD6E9-2017-47F5-996C-DA6242081249}.Debug|Any CPU.ActiveCfg = Debug|Any CPU
		{116BD6E9-2017-47F5-996C-DA6242081249}.Debug|Any CPU.Build.0 = Debug|Any CPU
		{116BD6E9-2017-47F5-996C-DA6242081249}.Debug|Any CPU.Deploy.0 = Debug|Any CPU
		{116BD6E9-2017-47F5-996C-DA6242081249}.Debug|iPhone.ActiveCfg = Debug|Any CPU
		{116BD6E9-2017-47F5-996C-DA6242081249}.Debug|iPhone.Build.0 = Debug|Any CPU
		{116BD6E9-2017-47F5-996C-DA6242081249}.Debug|iPhone.Deploy.0 = Debug|Any CPU
		{116BD6E9-2017-47F5-996C-DA6242081249}.Debug|iPhoneSimulator.ActiveCfg = Debug|Any CPU
		{116BD6E9-2017-47F5-996C-DA6242081249}.Debug|iPhoneSimulator.Build.0 = Debug|Any CPU
		{116BD6E9-2017-47F5-996C-DA6242081249}.Debug|iPhoneSimulator.Deploy.0 = Debug|Any CPU
		{116BD6E9-2017-47F5-996C-DA6242081249}.Release|Any CPU.ActiveCfg = Release|Any CPU
		{116BD6E9-2017-47F5-996C-DA6242081249}.Release|Any CPU.Build.0 = Release|Any CPU
		{116BD6E9-2017-47F5-996C-DA6242081249}.Release|Any CPU.Deploy.0 = Release|Any CPU
		{116BD6E9-2017-47F5-996C-DA6242081249}.Release|iPhone.ActiveCfg = Release|Any CPU
		{116BD6E9-2017-47F5-996C-DA6242081249}.Release|iPhone.Build.0 = Release|Any CPU
		{116BD6E9-2017-47F5-996C-DA6242081249}.Release|iPhone.Deploy.0 = Release|Any CPU
		{116BD6E9-2017-47F5-996C-DA6242081249}.Release|iPhoneSimulator.ActiveCfg = Release|Any CPU
		{116BD6E9-2017-47F5-996C-DA6242081249}.Release|iPhoneSimulator.Build.0 = Release|Any CPU
		{116BD6E9-2017-47F5-996C-DA6242081249}.Release|iPhoneSimulator.Deploy.0 = Release|Any CPU
		{229BD6B2-7240-4241-B78F-C62586070E15}.Debug|Any CPU.ActiveCfg = Debug|iPhoneSimulator
		{229BD6B2-7240-4241-B78F-C62586070E15}.Debug|iPhone.ActiveCfg = Debug|iPhone
		{229BD6B2-7240-4241-B78F-C62586070E15}.Debug|iPhone.Build.0 = Debug|iPhone
		{229BD6B2-7240-4241-B78F-C62586070E15}.Debug|iPhoneSimulator.ActiveCfg = Debug|iPhoneSimulator
		{229BD6B2-7240-4241-B78F-C62586070E15}.Debug|iPhoneSimulator.Build.0 = Debug|iPhoneSimulator
		{229BD6B2-7240-4241-B78F-C62586070E15}.Release|Any CPU.ActiveCfg = Release|iPhoneSimulator
		{229BD6B2-7240-4241-B78F-C62586070E15}.Release|iPhone.ActiveCfg = Release|iPhone
		{229BD6B2-7240-4241-B78F-C62586070E15}.Release|iPhone.Build.0 = Release|iPhone
		{229BD6B2-7240-4241-B78F-C62586070E15}.Release|iPhoneSimulator.ActiveCfg = Release|iPhoneSimulator
		{229BD6B2-7240-4241-B78F-C62586070E15}.Release|iPhoneSimulator.Build.0 = Release|iPhoneSimulator
		{393DD123-91FF-4589-ADE9-F00A1A694D6D}.Debug|Any CPU.ActiveCfg = Debug|Any CPU
		{393DD123-91FF-4589-ADE9-F00A1A694D6D}.Debug|Any CPU.Build.0 = Debug|Any CPU
		{393DD123-91FF-4589-ADE9-F00A1A694D6D}.Debug|iPhone.ActiveCfg = Debug|Any CPU
		{393DD123-91FF-4589-ADE9-F00A1A694D6D}.Debug|iPhone.Build.0 = Debug|Any CPU
		{393DD123-91FF-4589-ADE9-F00A1A694D6D}.Debug|iPhoneSimulator.ActiveCfg = Debug|Any CPU
		{393DD123-91FF-4589-ADE9-F00A1A694D6D}.Debug|iPhoneSimulator.Build.0 = Debug|Any CPU
		{393DD123-91FF-4589-ADE9-F00A1A694D6D}.Release|Any CPU.ActiveCfg = Release|Any CPU
		{393DD123-91FF-4589-ADE9-F00A1A694D6D}.Release|Any CPU.Build.0 = Release|Any CPU
		{393DD123-91FF-4589-ADE9-F00A1A694D6D}.Release|iPhone.ActiveCfg = Release|Any CPU
		{393DD123-91FF-4589-ADE9-F00A1A694D6D}.Release|iPhone.Build.0 = Release|Any CPU
		{393DD123-91FF-4589-ADE9-F00A1A694D6D}.Release|iPhoneSimulator.ActiveCfg = Release|Any CPU
		{393DD123-91FF-4589-ADE9-F00A1A694D6D}.Release|iPhoneSimulator.Build.0 = Release|Any CPU
	EndGlobalSection
	GlobalSection(SolutionProperties) = preSolution
		HideSolutionNode = FALSE
	EndGlobalSection
	GlobalSection(ExtensibilityGlobals) = postSolution
		SolutionGuid = {FB436D5F-B1A7-4AD3-B5C8-3867B91A43E3}
	EndGlobalSection
EndGlobal
